Microsoft Visual Studio Solution File, Format Version 12.00
# Visual Studio Version 17
VisualStudioVersion = 17.5.2.0
MinimumVisualStudioVersion = 10.0.40219.1
Project("{2150E333-8FDC-42A3-9474-1A3956D46DE8}") = "backend", "backend", "{1AE8ACA6-933B-BF2A-3671-3E2EAC007D16}"
EndProject
Project("{FAE04EC0-301F-11D3-BF4B-00C04F79EFBC}") = "Servico.Estoque", "backend\Servico.Estoque\Servico.Estoque.csproj", "{42A39F57-3AE9-274B-6E47-1BCE33C320BE}"
EndProject
Project("{FAE04EC0-301F-11D3-BF4B-00C04F79EFBC}") = "Servico.Faturamento", "backend\Servico.Faturamento\Servico.Faturamento.csproj", "{BD5BD5BD-8332-8679-6E1E-1B03657A1AC2}"
EndProject
Global
	GlobalSection(SolutionConfigurationPlatforms) = preSolution
		Debug|Any CPU = Debug|Any CPU
		Release|Any CPU = Release|Any CPU
	EndGlobalSection
	GlobalSection(ProjectConfigurationPlatforms) = postSolution
		{42A39F57-3AE9-274B-6E47-1BCE33C320BE}.Debug|Any CPU.ActiveCfg = Debug|Any CPU
		{42A39F57-3AE9-274B-6E47-1BCE33C320BE}.Debug|Any CPU.Build.0 = Debug|Any CPU
		{42A39F57-3AE9-274B-6E47-1BCE33C320BE}.Release|Any CPU.ActiveCfg = Release|Any CPU
		{42A39F57-3AE9-274B-6E47-1BCE33C320BE}.Release|Any CPU.Build.0 = Release|Any CPU
		{BD5BD5BD-8332-8679-6E1E-1B03657A1AC2}.Debug|Any CPU.ActiveCfg = Debug|Any CPU
		{BD5BD5BD-8332-8679-6E1E-1B03657A1AC2}.Debug|Any CPU.Build.0 = Debug|Any CPU
		{BD5BD5BD-8332-8679-6E1E-1B03657A1AC2}.Release|Any CPU.ActiveCfg = Release|Any CPU
		{BD5BD5BD-8332-8679-6E1E-1B03657A1AC2}.Release|Any CPU.Build.0 = Release|Any CPU
	EndGlobalSection
	GlobalSection(SolutionProperties) = preSolution
		HideSolutionNode = FALSE
	EndGlobalSection
	GlobalSection(NestedProjects) = preSolution
		{42A39F57-3AE9-274B-6E47-1BCE33C320BE} = {1AE8ACA6-933B-BF2A-3671-3E2EAC007D16}
		{BD5BD5BD-8332-8679-6E1E-1B03657A1AC2} = {1AE8ACA6-933B-BF2A-3671-3E2EAC007D16}
	EndGlobalSection
	GlobalSection(ExtensibilityGlobals) = postSolution
		SolutionGuid = {FD5AAD3B-2C40-4667-891D-A833E7F0135B}
	EndGlobalSection
EndGlobal
